
Microsoft Visual Studio Solution File, Format Version 12.00
# Visual Studio Version 17
VisualStudioVersion = 17.14.37216.2 d17.14
MinimumVisualStudioVersion = 10.0.40219.1
Project("{FAE04EC0-301F-11D3-BF4B-00C04F79EFBC}") = "DocumentFlowApp", "DocumentFlowApp.csproj", "{6DB4E168-EA7D-4077-9048-A64476E36F45}"
EndProject
Global
	GlobalSection(SolutionConfigurationPlatforms) = preSolution
		Debug|Any CPU = Debug|Any CPU
		Release|Any CPU = Release|Any CPU
	EndGlobalSection
	GlobalSection(ProjectConfigurationPlatforms) = postSolution
		{6DB4E168-EA7D-4077-9048-A64476E36F45}.Debug|Any CPU.ActiveCfg = Debug|Any CPU
		{6DB4E168-EA7D-4077-9048-A64476E36F45}.Debug|Any CPU.Build.0 = Debug|Any CPU
		{6DB4E168-EA7D-4077-9048-A64476E36F45}.Release|Any CPU.ActiveCfg = Release|Any CPU
		{6DB4E168-EA7D-4077-9048-A64476E36F45}.Release|Any CPU.Build.0 = Release|Any CPU
	EndGlobalSection
	GlobalSection(SolutionProperties) = preSolution
		HideSolutionNode = FALSE
	EndGlobalSection
	GlobalSection(ExtensibilityGlobals) = postSolution
		SolutionGuid = {42D74405-6DA8-4C78-99AB-BB186D9B6655}
	EndGlobalSection
EndGlobal
